
Microsoft Visual Studio Solution File, Format Version 12.00
# Visual Studio 15
Project("{FAE04EC0-301F-11D3-BF4B-00C04F79EFBC}") = "024_Vettore", "024_Vettore\024_Vettore.csproj", "{F9969971-54D2-4FDD-82B1-5687946214FE}"
EndProject
Global
	GlobalSection(SolutionConfigurationPlatforms) = preSolution
		Debug|anycpu = Debug|anycpu
		Release|anycpu = Release|anycpu
	EndGlobalSection
	GlobalSection(ProjectConfigurationPlatforms) = postSolution
		{F9969971-54D2-4FDD-82B1-5687946214FE}.Debug|anycpu.ActiveCfg = Debug|anycpu
		{F9969971-54D2-4FDD-82B1-5687946214FE}.Debug|anycpu.Build.0 = Debug|anycpu
		{F9969971-54D2-4FDD-82B1-5687946214FE}.Release|anycpu.ActiveCfg = Release|anycpu
		{F9969971-54D2-4FDD-82B1-5687946214FE}.Release|anycpu.Build.0 = Release|anycpu
	EndGlobalSection
EndGlobal
