
Microsoft Visual Studio Solution File, Format Version 12.00
# Visual Studio 15
Project("{FAE04EC0-301F-11D3-BF4B-00C04F79EFBC}") = "seriearmonica", "seriearmonica\seriearmonica.csproj", "{407112E7-0C0B-4161-B403-5B60FED7D672}"
EndProject
Global
	GlobalSection(SolutionConfigurationPlatforms) = preSolution
		Debug|anycpu = Debug|anycpu
		Release|anycpu = Release|anycpu
	EndGlobalSection
	GlobalSection(ProjectConfigurationPlatforms) = postSolution
		{407112E7-0C0B-4161-B403-5B60FED7D672}.Debug|anycpu.ActiveCfg = Debug|anycpu
		{407112E7-0C0B-4161-B403-5B60FED7D672}.Debug|anycpu.Build.0 = Debug|anycpu
		{407112E7-0C0B-4161-B403-5B60FED7D672}.Release|anycpu.ActiveCfg = Release|anycpu
		{407112E7-0C0B-4161-B403-5B60FED7D672}.Release|anycpu.Build.0 = Release|anycpu
	EndGlobalSection
EndGlobal
