
Microsoft Visual Studio Solution File, Format Version 12.00
# Visual Studio 15
Project("{FAE04EC0-301F-11D3-BF4B-00C04F79EFBC}") = "imc", "imc\imc.csproj", "{534512FD-C413-4D28-AC60-72E5B84BC864}"
EndProject
Global
	GlobalSection(SolutionConfigurationPlatforms) = preSolution
		Debug|anycpu = Debug|anycpu
		Release|anycpu = Release|anycpu
	EndGlobalSection
	GlobalSection(ProjectConfigurationPlatforms) = postSolution
		{534512FD-C413-4D28-AC60-72E5B84BC864}.Debug|anycpu.ActiveCfg = Debug|anycpu
		{534512FD-C413-4D28-AC60-72E5B84BC864}.Debug|anycpu.Build.0 = Debug|anycpu
		{534512FD-C413-4D28-AC60-72E5B84BC864}.Release|anycpu.ActiveCfg = Release|anycpu
		{534512FD-C413-4D28-AC60-72E5B84BC864}.Release|anycpu.Build.0 = Release|anycpu
	EndGlobalSection
EndGlobal
