
Microsoft Visual Studio Solution File, Format Version 12.00
# Visual Studio 15
Project("{FAE04EC0-301F-11D3-BF4B-00C04F79EFBC}") = "Media2", "Media2\Media2.csproj", "{3985A341-FBAA-48CD-A043-93E131CD4DD1}"
EndProject
Global
	GlobalSection(SolutionConfigurationPlatforms) = preSolution
		Debug|anycpu = Debug|anycpu
		Release|anycpu = Release|anycpu
	EndGlobalSection
	GlobalSection(ProjectConfigurationPlatforms) = postSolution
		{3985A341-FBAA-48CD-A043-93E131CD4DD1}.Debug|anycpu.ActiveCfg = Debug|anycpu
		{3985A341-FBAA-48CD-A043-93E131CD4DD1}.Debug|anycpu.Build.0 = Debug|anycpu
		{3985A341-FBAA-48CD-A043-93E131CD4DD1}.Release|anycpu.ActiveCfg = Release|anycpu
		{3985A341-FBAA-48CD-A043-93E131CD4DD1}.Release|anycpu.Build.0 = Release|anycpu
	EndGlobalSection
EndGlobal
