
Microsoft Visual Studio Solution File, Format Version 12.00
# Visual Studio 15
VisualStudioVersion = 15.0.28307.645
MinimumVisualStudioVersion = 10.0.40219.1
Project("{FAE04EC0-301F-11D3-BF4B-00C04F79EFBC}") = "Farfallino", "Farfallino\Farfallino.csproj", "{5EEBA310-2A87-404F-A790-F6E8B3F5031A}"
EndProject
Global
	GlobalSection(SolutionConfigurationPlatforms) = preSolution
		Debug|Any CPU = Debug|Any CPU
		Release|Any CPU = Release|Any CPU
	EndGlobalSection
	GlobalSection(ProjectConfigurationPlatforms) = postSolution
		{5EEBA310-2A87-404F-A790-F6E8B3F5031A}.Debug|Any CPU.ActiveCfg = Debug|Any CPU
		{5EEBA310-2A87-404F-A790-F6E8B3F5031A}.Debug|Any CPU.Build.0 = Debug|Any CPU
		{5EEBA310-2A87-404F-A790-F6E8B3F5031A}.Release|Any CPU.ActiveCfg = Release|Any CPU
		{5EEBA310-2A87-404F-A790-F6E8B3F5031A}.Release|Any CPU.Build.0 = Release|Any CPU
	EndGlobalSection
	GlobalSection(SolutionProperties) = preSolution
		HideSolutionNode = FALSE
	EndGlobalSection
	GlobalSection(ExtensibilityGlobals) = postSolution
		SolutionGuid = {4CB4D7FF-743F-476C-89D3-6402DADDB9FA}
	EndGlobalSection
EndGlobal
