
Microsoft Visual Studio Solution File, Format Version 12.00
# Visual Studio 15
Project("{FAE04EC0-301F-11D3-BF4B-00C04F79EFBC}") = "es1", "es1\es1.csproj", "{B571DB5A-DC50-4CA2-A887-B691C4E97B28}"
EndProject
Global
	GlobalSection(SolutionConfigurationPlatforms) = preSolution
		Debug|anycpu = Debug|anycpu
		Release|anycpu = Release|anycpu
	EndGlobalSection
	GlobalSection(ProjectConfigurationPlatforms) = postSolution
		{B571DB5A-DC50-4CA2-A887-B691C4E97B28}.Debug|anycpu.ActiveCfg = Debug|anycpu
		{B571DB5A-DC50-4CA2-A887-B691C4E97B28}.Debug|anycpu.Build.0 = Debug|anycpu
		{B571DB5A-DC50-4CA2-A887-B691C4E97B28}.Release|anycpu.ActiveCfg = Release|anycpu
		{B571DB5A-DC50-4CA2-A887-B691C4E97B28}.Release|anycpu.Build.0 = Release|anycpu
	EndGlobalSection
EndGlobal
