Microsoft Visual Studio Solution File, Format Version 12.00
# Visual Studio 15
VisualStudioVersion = 15.0.28307.705
MinimumVisualStudioVersion = 10.0.40219.1
Project("{FAE04EC0-301F-11D3-BF4B-00C04F79EFBC}") = "maxmin", "maxmin\maxmin.csproj", "{2B62D69A-0351-4D53-959C-6137563C68DC}"
EndProject
Global
	GlobalSection(SolutionConfigurationPlatforms) = preSolution
		Debug|anycpu = Debug|anycpu
		Release|anycpu = Release|anycpu
	EndGlobalSection
	GlobalSection(ProjectConfigurationPlatforms) = postSolution
		{2B62D69A-0351-4D53-959C-6137563C68DC}.Debug|anycpu.ActiveCfg = Debug|Any CPU
		{2B62D69A-0351-4D53-959C-6137563C68DC}.Debug|anycpu.Build.0 = Debug|Any CPU
		{2B62D69A-0351-4D53-959C-6137563C68DC}.Release|anycpu.ActiveCfg = Release|Any CPU
		{2B62D69A-0351-4D53-959C-6137563C68DC}.Release|anycpu.Build.0 = Release|Any CPU
	EndGlobalSection
	GlobalSection(SolutionProperties) = preSolution
		HideSolutionNode = FALSE
	EndGlobalSection
	GlobalSection(ExtensibilityGlobals) = postSolution
		SolutionGuid = {709E1AB2-A81A-46F6-B0A0-5A7AC7E67D06}
	EndGlobalSection
EndGlobal
